
Microsoft Visual Studio Solution File, Format Version 12.00
# Visual Studio Version 16
VisualStudioVersion = 16.0.31702.278
MinimumVisualStudioVersion = 10.0.40219.1
Project("{9A19103F-16F7-4668-BE54-9A1E7A4F7556}") = "Test", "Test\Test.csproj", "{EC5233B2-64BF-4184-89A9-3D7FF4DFBF17}"
EndProject
Global
	GlobalSection(SolutionConfigurationPlatforms) = preSolution
		Debug|Any CPU = Debug|Any CPU
		Release|Any CPU = Release|Any CPU
	EndGlobalSection
	GlobalSection(ProjectConfigurationPlatforms) = postSolution
		{EC5233B2-64BF-4184-89A9-3D7FF4DFBF17}.Debug|Any CPU.ActiveCfg = Debug|Any CPU
		{EC5233B2-64BF-4184-89A9-3D7FF4DFBF17}.Debug|Any CPU.Build.0 = Debug|Any CPU
		{EC5233B2-64BF-4184-89A9-3D7FF4DFBF17}.Release|Any CPU.ActiveCfg = Release|Any CPU
		{EC5233B2-64BF-4184-89A9-3D7FF4DFBF17}.Release|Any CPU.Build.0 = Release|Any CPU
	EndGlobalSection
	GlobalSection(SolutionProperties) = preSolution
		HideSolutionNode = FALSE
	EndGlobalSection
	GlobalSection(ExtensibilityGlobals) = postSolution
		SolutionGuid = {32DE3BF2-CB71-4FBC-AED9-8E8C4BCB3E2D}
	EndGlobalSection
EndGlobal
